
Microsoft Visual Studio Solution File, Format Version 12.00
# Visual Studio Version 17
VisualStudioVersion = 17.3.32901.215
MinimumVisualStudioVersion = 10.0.40219.1
Project("{9A19103F-16F7-4668-BE54-9A1E7A4F7556}") = "Macro-Deck-OBS-WebSocket", "Macro-Deck-OBS-WebSocket.csproj", "{94E0B3DE-1ACD-4472-84FD-E436277F989E}"
EndProject
Global
	GlobalSection(SolutionConfigurationPlatforms) = preSolution
		Debug|Any CPU = Debug|Any CPU
		Release|Any CPU = Release|Any CPU
	EndGlobalSection
	GlobalSection(ProjectConfigurationPlatforms) = postSolution
		{94E0B3DE-1ACD-4472-84FD-E436277F989E}.Debug|Any CPU.ActiveCfg = Debug|Any CPU
		{94E0B3DE-1ACD-4472-84FD-E436277F989E}.Debug|Any CPU.Build.0 = Debug|Any CPU
		{94E0B3DE-1ACD-4472-84FD-E436277F989E}.Release|Any CPU.ActiveCfg = Release|Any CPU
		{94E0B3DE-1ACD-4472-84FD-E436277F989E}.Release|Any CPU.Build.0 = Release|Any CPU
	EndGlobalSection
	GlobalSection(SolutionProperties) = preSolution
		HideSolutionNode = FALSE
	EndGlobalSection
	GlobalSection(ExtensibilityGlobals) = postSolution
		SolutionGuid = {49A24FD4-0C28-4C86-BEA8-2D621ABED4A3}
	EndGlobalSection
EndGlobal
